# THIS IS AN AUTOGENERATED FILE. DO NOT EDIT THIS FILE DIRECTLY.
# yarn lockfile v1


"@babel/polyfill@^7.4.3":
  version "7.12.1"
  resolved "https://registry.yarnpkg.com/@babel/polyfill/-/polyfill-7.12.1.tgz#1f2d6371d1261bbd961f3c5d5909150e12d0bd96"
  integrity sha512-X0pi0V6gxLi6lFZpGmeNa4zxtwEmCs42isWLNjZZDE0Y8yVfgu0T2OAHlzBbdYlqbW/YXVvoBHpATEM+goCj8g==
  dependencies:
    core-js "^2.6.5"
    regenerator-runtime "^0.13.4"

"@ungap/url-search-params@^0.1.2":
  version "0.1.4"
  resolved "https://registry.yarnpkg.com/@ungap/url-search-params/-/url-search-params-0.1.4.tgz#727e9b4c811beaa6be6d7e4cc0516663c884cfd0"
  integrity sha512-RLwrxCTDNiNev9hpr9rDq8NyeQ8Nn0X1we4Wu7Tlf368I8r+7hBj3uObhifhuLk74egaYaSX5nUsBlWz6kjj+A==

abortcontroller-polyfill@^1.3.0:
  version "1.7.3"
  resolved "https://registry.yarnpkg.com/abortcontroller-polyfill/-/abortcontroller-polyfill-1.7.3.tgz#1b5b487bd6436b5b764fd52a612509702c3144b5"
  integrity sha512-zetDJxd89y3X99Kvo4qFx8GKlt6GsvN3UcRZHwU6iFA/0KiOmhkTVhe8oRoTBiTVPZu09x3vCra47+w8Yz1+2Q==

axios@^0.19.2:
  version "0.19.2"
  resolved "https://registry.yarnpkg.com/axios/-/axios-0.19.2.tgz#3ea36c5d8818d0d5f8a8a97a6d36b86cdc00cb27"
  integrity sha512-fjgm5MvRHLhx+osE2xoekY70AhARk3a6hkN+3Io1jc00jtquGvxYlKlsFUhmUET0V5te6CcZI7lcv2Ym61mjHA==
  dependencies:
    follow-redirects "1.5.10"

bcfg@^0.1.6:
  version "0.1.6"
  resolved "https://registry.yarnpkg.com/bcfg/-/bcfg-0.1.6.tgz#f77a6323bddef14f3886222e7ef8ccc0bc2143ec"
  integrity sha512-BR2vwQZwu24aRm588XHOnPVjjQtbK8sF0RopRFgMuke63/REJMWnePTa2YHKDBefuBYiVdgkowuB1/e4K7Ue3g==
  dependencies:
    bsert "~0.0.10"

bsert@~0.0.10:
  version "0.0.10"
  resolved "https://registry.yarnpkg.com/bsert/-/bsert-0.0.10.tgz#231ac82873a1418c6ade301ab5cd9ae385895597"
  integrity sha512-NHNwlac+WPy4t2LoNh8pXk8uaIGH3NSaIUbTTRXGpE2WEbq0te/tDykYHkFK57YKLPjv/aGHmbqvnGeVWDz57Q==

chainpoint-binary@^5.0.1:
  version "5.0.1"
  resolved "https://registry.yarnpkg.com/chainpoint-binary/-/chainpoint-binary-5.0.1.tgz#88deae6898793f11bff174442ae4b61c677b1b53"
  integrity sha512-BDl9uTh4rL10oRkjP9y+X7Bt26yN4adBtBBoGgpbelpK6Q+UDcmvvVApR96nIOA1E41Tq47TjKpwDbY5QjlnFA==
  dependencies:
    chainpoint-proof-json-schema "^2.0.3"
    msgpack-lite "^0.1.26"
    pako "^1.0.10"

chainpoint-js@^1.3.1:
  version "1.3.1"
  resolved "https://registry.yarnpkg.com/chainpoint-js/-/chainpoint-js-1.3.1.tgz#a49ce45dd3e301fd22900629422609162a7fecf7"
  integrity sha512-DRmj7zNULNCOugKo2CW2iONUfzXqPJ40RQA7JVx5Usu98ZxKounY9JMuoEEGhamuYHkCGKevj/e16TiWBiADug==
  dependencies:
    "@babel/polyfill" "^7.4.3"
    "@ungap/url-search-params" "^0.1.2"
    abortcontroller-polyfill "^1.3.0"
    axios "^0.19.2"
    bcfg "^0.1.6"
    chainpoint-parse "^4.0.1"
    lodash "^4.17.11"
    node-fetch "^2.3.0"
    uuid "^3.3.2"
    uuid-validate "^0.0.2"
    validator "^9.1.2"

chainpoint-parse@^4.0.1:
  version "4.0.1"
  resolved "https://registry.yarnpkg.com/chainpoint-parse/-/chainpoint-parse-4.0.1.tgz#24084c80a3ee9721085234eccc008d1402ed9a94"
  integrity sha512-BFh54kF6Nk+wYUv6qghx6dZ+o4cnHHGmr8pgY1kAvPDmR9uxCnepK1fjgOSONUfDFeWI632gtfTRAl3faKi4YA==
  dependencies:
    chainpoint-binary "^5.0.1"
    chainpoint-proof-json-schema "^2.0.3"
    js-sha3 "^0.8.0"

chainpoint-proof-json-schema@^2.0.3:
  version "2.0.3"
  resolved "https://registry.yarnpkg.com/chainpoint-proof-json-schema/-/chainpoint-proof-json-schema-2.0.3.tgz#e9528334cb7dabcc5c03493b85270883c5f60a49"
  integrity sha512-siL/28Z6MbfjLG4q8bJ/c2BPujWT2kl1GZECxEhOMM0R66MweBOsDsXEgWfoPYOI/xxcTiK9+bBPOfJ0TvTrmw==
  dependencies:
    is-my-json-valid "^2.20.0"

cluster-key-slot@^1.1.0:
  version "1.1.0"
  resolved "https://registry.yarnpkg.com/cluster-key-slot/-/cluster-key-slot-1.1.0.tgz#30474b2a981fb12172695833052bc0d01336d10d"
  integrity sha512-2Nii8p3RwAPiFwsnZvukotvow2rIHM+yQ6ZcBXGHdniadkYGZYiGmkHJIbZPIV9nfv7m/U1IPMVVcAhoWFeklw==

core-js@^2.6.5:
  version "2.6.12"
  resolved "https://registry.yarnpkg.com/core-js/-/core-js-2.6.12.tgz#d9333dfa7b065e347cc5682219d6f690859cc2ec"
  integrity sha512-Kb2wC0fvsWfQrgk8HU5lW6U/Lcs8+9aaYcy4ZFc6DDlo4nZ7n70dEgE5rtR0oG6ufKDUnrwfWL1mXR5ljDatrQ==

debug@=3.1.0:
  version "3.1.0"
  resolved "https://registry.yarnpkg.com/debug/-/debug-3.1.0.tgz#5bb5a0672628b64149566ba16819e61518c67261"
  integrity sha512-OX8XqP7/1a9cqkxYw2yXss15f26NKWBpDXQd0/uK/KPqdQhxbPa994hnzjcE2VqQpDslf55723cKPUOGSmMY3g==
  dependencies:
    ms "2.0.0"

debug@^4.3.1:
  version "4.3.2"
  resolved "https://registry.yarnpkg.com/debug/-/debug-4.3.2.tgz#f0a49c18ac8779e31d4a0c6029dfb76873c7428b"
  integrity sha512-mOp8wKcvj7XxC78zLgw/ZA+6TSgkoE2C/ienthhRD298T7UNwAg9diBpLRxC0mOezLl4B0xV7M0cCO6P/O0Xhw==
  dependencies:
    ms "2.1.2"

denque@^1.1.0:
  version "1.5.0"
  resolved "https://registry.yarnpkg.com/denque/-/denque-1.5.0.tgz#773de0686ff2d8ec2ff92914316a47b73b1c73de"
  integrity sha512-CYiCSgIF1p6EUByQPlGkKnP1M9g0ZV3qMIrqMqZqdwazygIA/YP2vrbcyl1h/WppKJTdl1F85cXIle+394iDAQ==

event-lite@^0.1.1:
  version "0.1.2"
  resolved "https://registry.yarnpkg.com/event-lite/-/event-lite-0.1.2.tgz#838a3e0fdddef8cc90f128006c8e55a4e4e4c11b"
  integrity sha512-HnSYx1BsJ87/p6swwzv+2v6B4X+uxUteoDfRxsAb1S1BePzQqOLevVmkdA15GHJVd9A9Ok6wygUR18Hu0YeV9g==

follow-redirects@1.5.10:
  version "1.5.10"
  resolved "https://registry.yarnpkg.com/follow-redirects/-/follow-redirects-1.5.10.tgz#7b7a9f9aea2fdff36786a94ff643ed07f4ff5e2a"
  integrity sha512-0V5l4Cizzvqt5D44aTXbFZz+FtyXV1vrDN6qrelxtfYQKW0KO0W2T/hkE8xvGa/540LkZlkaUjO4ailYTFtHVQ==
  dependencies:
    debug "=3.1.0"

generate-function@^2.0.0:
  version "2.3.1"
  resolved "https://registry.yarnpkg.com/generate-function/-/generate-function-2.3.1.tgz#f069617690c10c868e73b8465746764f97c3479f"
  integrity sha512-eeB5GfMNeevm/GRYq20ShmsaGcmI81kIX2K9XQx5miC8KdHaC6Jm0qQ8ZNeGOi7wYB8OsdxKs+Y2oVuTFuVwKQ==
  dependencies:
    is-property "^1.0.2"

generate-object-property@^1.1.0:
  version "1.2.0"
  resolved "https://registry.yarnpkg.com/generate-object-property/-/generate-object-property-1.2.0.tgz#9c0e1c40308ce804f4783618b937fa88f99d50d0"
  integrity sha1-nA4cQDCM6AT0eDYYuTf6iPmdUNA=
  dependencies:
    is-property "^1.0.0"

ieee754@^1.1.8:
  version "1.2.1"
  resolved "https://registry.yarnpkg.com/ieee754/-/ieee754-1.2.1.tgz#8eb7a10a63fff25d15a57b001586d177d1b0d352"
  integrity sha512-dcyqhDvX1C46lXZcVqCpK+FtMRQVdIMN6/Df5js2zouUsqG7I6sFxitIC+7KYK29KdXOLHdu9zL4sFnoVQnqaA==

int64-buffer@^0.1.9:
  version "0.1.10"
  resolved "https://registry.yarnpkg.com/int64-buffer/-/int64-buffer-0.1.10.tgz#277b228a87d95ad777d07c13832022406a473423"
  integrity sha1-J3siiofZWtd30HwTgyAiQGpHNCM=

ioredis@^4.27.6:
  version "4.27.7"
  resolved "https://registry.yarnpkg.com/ioredis/-/ioredis-4.27.7.tgz#11bf2947e23a0e8055931afa7c2da89fc48c8ff3"
  integrity sha512-lqvFFmUyGIHlrNyDvBoakzy1+ioJzNyoP6CP97GWtdTjWq9IOAnv6l0HUTsqhvd/z9etGgtrDHZ4kWCMAwNkug==
  dependencies:
    cluster-key-slot "^1.1.0"
    debug "^4.3.1"
    denque "^1.1.0"
    lodash.defaults "^4.2.0"
    lodash.flatten "^4.4.0"
    lodash.isarguments "^3.1.0"
    p-map "^2.1.0"
    redis-commands "1.7.0"
    redis-errors "^1.2.0"
    redis-parser "^3.0.0"
    standard-as-callback "^2.1.0"

is-my-ip-valid@^1.0.0:
  version "1.0.0"
  resolved "https://registry.yarnpkg.com/is-my-ip-valid/-/is-my-ip-valid-1.0.0.tgz#7b351b8e8edd4d3995d4d066680e664d94696824"
  integrity sha512-gmh/eWXROncUzRnIa1Ubrt5b8ep/MGSnfAUI3aRp+sqTCs1tv1Isl8d8F6JmkN3dXKc3ehZMrtiPN9eL03NuaQ==

is-my-json-valid@^2.20.0:
  version "2.20.5"
  resolved "https://registry.yarnpkg.com/is-my-json-valid/-/is-my-json-valid-2.20.5.tgz#5eca6a8232a687f68869b7361be1612e7512e5df"
  integrity sha512-VTPuvvGQtxvCeghwspQu1rBgjYUT6FGxPlvFKbYuFtgc4ADsX3U5ihZOYN0qyU6u+d4X9xXb0IT5O6QpXKt87A==
  dependencies:
    generate-function "^2.0.0"
    generate-object-property "^1.1.0"
    is-my-ip-valid "^1.0.0"
    jsonpointer "^4.0.0"
    xtend "^4.0.0"

is-property@^1.0.0, is-property@^1.0.2:
  version "1.0.2"
  resolved "https://registry.yarnpkg.com/is-property/-/is-property-1.0.2.tgz#57fe1c4e48474edd65b09911f26b1cd4095dda84"
  integrity sha1-V/4cTkhHTt1lsJkR8msc1Ald2oQ=

isarray@^1.0.0:
  version "1.0.0"
  resolved "https://registry.yarnpkg.com/isarray/-/isarray-1.0.0.tgz#bb935d48582cba168c06834957a54a3e07124f11"
  integrity sha1-u5NdSFgsuhaMBoNJV6VKPgcSTxE=

js-sha3@^0.8.0:
  version "0.8.0"
  resolved "https://registry.yarnpkg.com/js-sha3/-/js-sha3-0.8.0.tgz#b9b7a5da73afad7dedd0f8c463954cbde6818840"
  integrity sha512-gF1cRrHhIzNfToc802P800N8PpXS+evLLXfsVpowqmAFR9uwbi89WvXg2QspOmXL8QL86J4T1EpFu+yUkwJY3Q==

jsonpointer@^4.0.0:
  version "4.1.0"
  resolved "https://registry.yarnpkg.com/jsonpointer/-/jsonpointer-4.1.0.tgz#501fb89986a2389765ba09e6053299ceb4f2c2cc"
  integrity sha512-CXcRvMyTlnR53xMcKnuMzfCA5i/nfblTnnr74CZb6C4vG39eu6w51t7nKmU5MfLfbTgGItliNyjO/ciNPDqClg==

lodash.defaults@^4.2.0:
  version "4.2.0"
  resolved "https://registry.yarnpkg.com/lodash.defaults/-/lodash.defaults-4.2.0.tgz#d09178716ffea4dde9e5fb7b37f6f0802274580c"
  integrity sha1-0JF4cW/+pN3p5ft7N/bwgCJ0WAw=

lodash.flatten@^4.4.0:
  version "4.4.0"
  resolved "https://registry.yarnpkg.com/lodash.flatten/-/lodash.flatten-4.4.0.tgz#f31c22225a9632d2bbf8e4addbef240aa765a61f"
  integrity sha1-8xwiIlqWMtK7+OSt2+8kCqdlph8=

lodash.isarguments@^3.1.0:
  version "3.1.0"
  resolved "https://registry.yarnpkg.com/lodash.isarguments/-/lodash.isarguments-3.1.0.tgz#2f573d85c6a24289ff00663b491c1d338ff3458a"
  integrity sha1-L1c9hcaiQon/AGY7SRwdM4/zRYo=

lodash@^4.17.11:
  version "4.17.21"
  resolved "https://registry.yarnpkg.com/lodash/-/lodash-4.17.21.tgz#679591c564c3bffaae8454cf0b3df370c3d6911c"
  integrity sha512-v2kDEe57lecTulaDIuNTPy3Ry4gLGJ6Z1O3vE1krgXZNrsQ+LFTGHVxVjcXPs17LhbZVGedAJv8XZ1tvj5FvSg==

ms@2.0.0:
  version "2.0.0"
  resolved "https://registry.yarnpkg.com/ms/-/ms-2.0.0.tgz#5608aeadfc00be6c2901df5f9861788de0d597c8"
  integrity sha1-VgiurfwAvmwpAd9fmGF4jeDVl8g=

ms@2.1.2:
  version "2.1.2"
  resolved "https://registry.yarnpkg.com/ms/-/ms-2.1.2.tgz#d09d1f357b443f493382a8eb3ccd183872ae6009"
  integrity sha512-sGkPx+VjMtmA6MX27oA4FBFELFCZZ4S4XqeGOXCv68tT+jb3vk/RyaKWP0PTKyWtmLSM0b+adUTEvbs1PEaH2w==

msgpack-lite@^0.1.26:
  version "0.1.26"
  resolved "https://registry.yarnpkg.com/msgpack-lite/-/msgpack-lite-0.1.26.tgz#dd3c50b26f059f25e7edee3644418358e2a9ad89"
  integrity sha1-3TxQsm8FnyXn7e42REGDWOKprYk=
  dependencies:
    event-lite "^0.1.1"
    ieee754 "^1.1.8"
    int64-buffer "^0.1.9"
    isarray "^1.0.0"

node-fetch@^2.3.0:
  version "2.6.1"
  resolved "https://registry.yarnpkg.com/node-fetch/-/node-fetch-2.6.1.tgz#045bd323631f76ed2e2b55573394416b639a0052"
  integrity sha512-V4aYg89jEoVRxRb2fJdAg8FHvI7cEyYdVAh94HH0UIK8oJxUfkjlDQN9RbMx+bEjP7+ggMiFRprSti032Oipxw==

node-resque@^9.0.4:
  version "9.0.4"
  resolved "https://registry.yarnpkg.com/node-resque/-/node-resque-9.0.4.tgz#2ae549737c80782f053519b8d61d65433b71c0d5"
  integrity sha512-/2XjHdI4VDLgfzWl2ZBBq68fwZDS60iwvtc8X+IWuejGYTP+a7rSjnlc2E+dSBZ8sMWuu6OyGz1V5so2SQjFEQ==
  dependencies:
    ioredis "^4.27.6"

p-map@^2.1.0:
  version "2.1.0"
  resolved "https://registry.yarnpkg.com/p-map/-/p-map-2.1.0.tgz#310928feef9c9ecc65b68b17693018a665cea175"
  integrity sha512-y3b8Kpd8OAN444hxfBbFfj1FY/RjtTd8tzYwhUqNYXx0fXx2iX4maP4Qr6qhIKbQXI02wTLAda4fYUbDagTUFw==

pako@^1.0.10:
  version "1.0.11"
  resolved "https://registry.yarnpkg.com/pako/-/pako-1.0.11.tgz#6c9599d340d54dfd3946380252a35705a6b992bf"
  integrity sha512-4hLB8Py4zZce5s4yd9XzopqwVv/yGNhV1Bl8NTmCq1763HeK2+EwVTv+leGeL13Dnh2wfbqowVPXCIO0z4taYw==

redis-commands@1.7.0:
  version "1.7.0"
  resolved "https://registry.yarnpkg.com/redis-commands/-/redis-commands-1.7.0.tgz#15a6fea2d58281e27b1cd1acfb4b293e278c3a89"
  integrity sha512-nJWqw3bTFy21hX/CPKHth6sfhZbdiHP6bTawSgQBlKOVRG7EZkfHbbHwQJnrE4vsQf0CMNE+3gJ4Fmm16vdVlQ==

redis-errors@^1.0.0, redis-errors@^1.2.0:
  version "1.2.0"
  resolved "https://registry.yarnpkg.com/redis-errors/-/redis-errors-1.2.0.tgz#eb62d2adb15e4eaf4610c04afe1529384250abad"
  integrity sha1-62LSrbFeTq9GEMBK/hUpOEJQq60=

redis-parser@^3.0.0:
  version "3.0.0"
  resolved "https://registry.yarnpkg.com/redis-parser/-/redis-parser-3.0.0.tgz#b66d828cdcafe6b4b8a428a7def4c6bcac31c8b4"
  integrity sha1-tm2CjNyv5rS4pCin3vTGvKwxyLQ=
  dependencies:
    redis-errors "^1.0.0"

regenerator-runtime@^0.13.4:
  version "0.13.9"
  resolved "https://registry.yarnpkg.com/regenerator-runtime/-/regenerator-runtime-0.13.9.tgz#8925742a98ffd90814988d7566ad30ca3b263b52"
  integrity sha512-p3VT+cOEgxFsRRA9X4lkI1E+k2/CtnKtU4gcxyaCUreilL/vqI6CdZ3wxVUx3UOUg+gnUOQQcRI7BmSI656MYA==

standard-as-callback@^2.1.0:
  version "2.1.0"
  resolved "https://registry.yarnpkg.com/standard-as-callback/-/standard-as-callback-2.1.0.tgz#8953fc05359868a77b5b9739a665c5977bb7df45"
  integrity sha512-qoRRSyROncaz1z0mvYqIE4lCd9p2R90i6GxW3uZv5ucSu8tU7B5HXUP1gG8pVZsYNVaXjk8ClXHPttLyxAL48A==

uuid-validate@^0.0.2:
  version "0.0.2"
  resolved "https://registry.yarnpkg.com/uuid-validate/-/uuid-validate-0.0.2.tgz#ed883d26cf0d1819763abfa315e9626ddb67c8e8"
  integrity sha1-7Yg9Js8NGBl2Or+jFelibdtnyOg=

uuid@^3.3.2:
  version "3.4.0"
  resolved "https://registry.yarnpkg.com/uuid/-/uuid-3.4.0.tgz#b23e4358afa8a202fe7a100af1f5f883f02007ee"
  integrity sha512-HjSDRw6gZE5JMggctHBcjVak08+KEVhSIiDzFnT9S9aegmp85S/bReBVTb4QTFaRNptJ9kuYaNhnbNEOkbKb/A==

validator@^9.1.2:
  version "9.4.1"
  resolved "https://registry.yarnpkg.com/validator/-/validator-9.4.1.tgz#abf466d398b561cd243050112c6ff1de6cc12663"
  integrity sha512-YV5KjzvRmSyJ1ee/Dm5UED0G+1L4GZnLN3w6/T+zZm8scVua4sOhYKWTUrKa0H/tMiJyO9QLHMPN+9mB/aMunA==

xtend@^4.0.0:
  version "4.0.2"
  resolved "https://registry.yarnpkg.com/xtend/-/xtend-4.0.2.tgz#bb72779f5fa465186b1f438f674fa347fdb5db54"
  integrity sha512-LKYU1iAXJXUgAXn9URjiu+MWhyUXHsvfp7mcuYm9dSUKK0/CjtrUwFAxD82/mCWbtLsGjFIad0wIsod4zrTAEQ==
